
Microsoft Visual Studio Solution File, Format Version 12.00
# Visual Studio Version 17
VisualStudioVersion = 17.5.33530.505
MinimumVisualStudioVersion = 10.0.40219.1
Project("{FAE04EC0-301F-11D3-BF4B-00C04F79EFBC}") = "Notes.API", "Notes.API.csproj", "{23D40318-3663-4969-8EDB-059E9DF8055D}"
EndProject
Global
	GlobalSection(SolutionConfigurationPlatforms) = preSolution
		Debug|Any CPU = Debug|Any CPU
		Release|Any CPU = Release|Any CPU
	EndGlobalSection
	GlobalSection(ProjectConfigurationPlatforms) = postSolution
		{23D40318-3663-4969-8EDB-059E9DF8055D}.Debug|Any CPU.ActiveCfg = Debug|Any CPU
		{23D40318-3663-4969-8EDB-059E9DF8055D}.Debug|Any CPU.Build.0 = Debug|Any CPU
		{23D40318-3663-4969-8EDB-059E9DF8055D}.Release|Any CPU.ActiveCfg = Release|Any CPU
		{23D40318-3663-4969-8EDB-059E9DF8055D}.Release|Any CPU.Build.0 = Release|Any CPU
	EndGlobalSection
	GlobalSection(SolutionProperties) = preSolution
		HideSolutionNode = FALSE
	EndGlobalSection
	GlobalSection(ExtensibilityGlobals) = postSolution
		SolutionGuid = {08BFBED2-AD6E-48E2-B3EF-21ED97422F8E}
	EndGlobalSection
EndGlobal
